
Microsoft Visual Studio Solution File, Format Version 12.00
Project("{FAE04EC0-301F-11D3-BF4B-00C04F79EFBC}") = "ClassLibrary1", "ClassLibrary1\ClassLibrary1.csproj", "{C7F47593-C043-4410-83F6-85A71B46273E}"
EndProject
Project("{FAE04EC0-301F-11D3-BF4B-00C04F79EFBC}") = "CIV-UnitTesting-Exercises", "CIV-UnitTesting-Exercises\CIV-UnitTesting-Exercises.csproj", "{FDD1D535-E0AF-41AD-9E0D-1D3FE4F4B1E0}"
EndProject
Global
	GlobalSection(SolutionConfigurationPlatforms) = preSolution
		Debug|Any CPU = Debug|Any CPU
		Release|Any CPU = Release|Any CPU
	EndGlobalSection
	GlobalSection(ProjectConfigurationPlatforms) = postSolution
		{C7F47593-C043-4410-83F6-85A71B46273E}.Debug|Any CPU.ActiveCfg = Debug|Any CPU
		{C7F47593-C043-4410-83F6-85A71B46273E}.Debug|Any CPU.Build.0 = Debug|Any CPU
		{C7F47593-C043-4410-83F6-85A71B46273E}.Release|Any CPU.ActiveCfg = Release|Any CPU
		{C7F47593-C043-4410-83F6-85A71B46273E}.Release|Any CPU.Build.0 = Release|Any CPU
		{FDD1D535-E0AF-41AD-9E0D-1D3FE4F4B1E0}.Debug|Any CPU.ActiveCfg = Debug|Any CPU
		{FDD1D535-E0AF-41AD-9E0D-1D3FE4F4B1E0}.Debug|Any CPU.Build.0 = Debug|Any CPU
		{FDD1D535-E0AF-41AD-9E0D-1D3FE4F4B1E0}.Release|Any CPU.ActiveCfg = Release|Any CPU
		{FDD1D535-E0AF-41AD-9E0D-1D3FE4F4B1E0}.Release|Any CPU.Build.0 = Release|Any CPU
	EndGlobalSection
EndGlobal
